
Microsoft Visual Studio Solution File, Format Version 12.00
# Visual Studio Version 16
VisualStudioVersion = 16.0.31205.134
MinimumVisualStudioVersion = 10.0.40219.1
Project("{9A19103F-16F7-4668-BE54-9A1E7A4F7556}") = "TownOfUs", "TownOfUs.csproj", "{5F17834D-8E1F-4DD1-AAF5-AFCFD7690385}"
EndProject
Global
	GlobalSection(SolutionConfigurationPlatforms) = preSolution
		Debug|Any CPU = Debug|Any CPU
		Release|Any CPU = Release|Any CPU
	EndGlobalSection
	GlobalSection(ProjectConfigurationPlatforms) = postSolution
		{5F17834D-8E1F-4DD1-AAF5-AFCFD7690385}.Debug|Any CPU.ActiveCfg = Debug|Any CPU
		{5F17834D-8E1F-4DD1-AAF5-AFCFD7690385}.Debug|Any CPU.Build.0 = Debug|Any CPU
		{5F17834D-8E1F-4DD1-AAF5-AFCFD7690385}.Release|Any CPU.ActiveCfg = Release|Any CPU
		{5F17834D-8E1F-4DD1-AAF5-AFCFD7690385}.Release|Any CPU.Build.0 = Release|Any CPU
	EndGlobalSection
	GlobalSection(SolutionProperties) = preSolution
		HideSolutionNode = FALSE
	EndGlobalSection
	GlobalSection(ExtensibilityGlobals) = postSolution
		SolutionGuid = {103DE3FB-5A3F-4E13-8FDA-B2209E627ED0}
	EndGlobalSection
EndGlobal
